
Microsoft Visual Studio Solution File, Format Version 11.00
# Visual Studio 2010
# SharpDevelop 5.1
Project("{FAE04EC0-301F-11D3-BF4B-00C04F79EFBC}") = "Practica01", "Practica01\Practica01.csproj", "{FE4C3F5B-B26F-4E60-B9F6-6349F8324771}"
EndProject
Project("{FAE04EC0-301F-11D3-BF4B-00C04F79EFBC}") = "Practica02", "Practica02\Practica02.csproj", "{5401FCE8-6ADF-46FC-9360-C57CD2DD96E1}"
EndProject
Global
	GlobalSection(SolutionConfigurationPlatforms) = preSolution
		Debug|Any CPU = Debug|Any CPU
		Release|Any CPU = Release|Any CPU
	EndGlobalSection
	GlobalSection(ProjectConfigurationPlatforms) = postSolution
		{FE4C3F5B-B26F-4E60-B9F6-6349F8324771}.Debug|Any CPU.ActiveCfg = Debug|Any CPU
		{FE4C3F5B-B26F-4E60-B9F6-6349F8324771}.Debug|Any CPU.Build.0 = Debug|Any CPU
		{FE4C3F5B-B26F-4E60-B9F6-6349F8324771}.Release|Any CPU.ActiveCfg = Release|Any CPU
		{FE4C3F5B-B26F-4E60-B9F6-6349F8324771}.Release|Any CPU.Build.0 = Release|Any CPU
		{5401FCE8-6ADF-46FC-9360-C57CD2DD96E1}.Debug|Any CPU.ActiveCfg = Debug|Any CPU
		{5401FCE8-6ADF-46FC-9360-C57CD2DD96E1}.Debug|Any CPU.Build.0 = Debug|Any CPU
		{5401FCE8-6ADF-46FC-9360-C57CD2DD96E1}.Release|Any CPU.ActiveCfg = Release|Any CPU
		{5401FCE8-6ADF-46FC-9360-C57CD2DD96E1}.Release|Any CPU.Build.0 = Release|Any CPU
	EndGlobalSection
EndGlobal
